
Microsoft Visual Studio Solution File, Format Version 12.00
# Visual Studio Version 17
VisualStudioVersion = 17.8.34525.116
MinimumVisualStudioVersion = 10.0.40219.1
Project("{FAE04EC0-301F-11D3-BF4B-00C04F79EFBC}") = "ex240220", "ex240220.csproj", "{ED562FE3-02AE-4A12-BADB-95E7CE9DF861}"
EndProject
Global
	GlobalSection(SolutionConfigurationPlatforms) = preSolution
		Debug|Any CPU = Debug|Any CPU
		Release|Any CPU = Release|Any CPU
	EndGlobalSection
	GlobalSection(ProjectConfigurationPlatforms) = postSolution
		{ED562FE3-02AE-4A12-BADB-95E7CE9DF861}.Debug|Any CPU.ActiveCfg = Debug|Any CPU
		{ED562FE3-02AE-4A12-BADB-95E7CE9DF861}.Debug|Any CPU.Build.0 = Debug|Any CPU
		{ED562FE3-02AE-4A12-BADB-95E7CE9DF861}.Release|Any CPU.ActiveCfg = Release|Any CPU
		{ED562FE3-02AE-4A12-BADB-95E7CE9DF861}.Release|Any CPU.Build.0 = Release|Any CPU
	EndGlobalSection
	GlobalSection(SolutionProperties) = preSolution
		HideSolutionNode = FALSE
	EndGlobalSection
	GlobalSection(ExtensibilityGlobals) = postSolution
		SolutionGuid = {4CB273BE-180F-4A2D-9F4B-822D6A25A5CE}
	EndGlobalSection
EndGlobal
