
Microsoft Visual Studio Solution File, Format Version 12.00
# Visual Studio Version 17
VisualStudioVersion = 17.8.34525.116
MinimumVisualStudioVersion = 10.0.40219.1
Project("{FAE04EC0-301F-11D3-BF4B-00C04F79EFBC}") = "codereview", "codereview.csproj", "{28DC4849-2D74-4279-B911-858402EDC10F}"
EndProject
Global
	GlobalSection(SolutionConfigurationPlatforms) = preSolution
		Debug|Any CPU = Debug|Any CPU
		Release|Any CPU = Release|Any CPU
	EndGlobalSection
	GlobalSection(ProjectConfigurationPlatforms) = postSolution
		{28DC4849-2D74-4279-B911-858402EDC10F}.Debug|Any CPU.ActiveCfg = Debug|Any CPU
		{28DC4849-2D74-4279-B911-858402EDC10F}.Debug|Any CPU.Build.0 = Debug|Any CPU
		{28DC4849-2D74-4279-B911-858402EDC10F}.Release|Any CPU.ActiveCfg = Release|Any CPU
		{28DC4849-2D74-4279-B911-858402EDC10F}.Release|Any CPU.Build.0 = Release|Any CPU
	EndGlobalSection
	GlobalSection(SolutionProperties) = preSolution
		HideSolutionNode = FALSE
	EndGlobalSection
	GlobalSection(ExtensibilityGlobals) = postSolution
		SolutionGuid = {26ED7716-EE0E-41C8-922F-84347ED1DBA5}
	EndGlobalSection
EndGlobal
