
Microsoft Visual Studio Solution File, Format Version 12.00
# Visual Studio Version 17
VisualStudioVersion = 17.8.34525.116
MinimumVisualStudioVersion = 10.0.40219.1
Project("{FAE04EC0-301F-11D3-BF4B-00C04F79EFBC}") = "WinFormsApp10", "WinFormsApp10.csproj", "{81A7F27A-7E55-4562-A9AF-2FE109DF6BD1}"
EndProject
Project("{FAE04EC0-301F-11D3-BF4B-00C04F79EFBC}") = "WinFormsApp11", "..\WinFormsApp11\WinFormsApp11.csproj", "{E7CE037E-7132-4F9E-ACBB-E97D100AE838}"
EndProject
Global
	GlobalSection(SolutionConfigurationPlatforms) = preSolution
		Debug|Any CPU = Debug|Any CPU
		Release|Any CPU = Release|Any CPU
	EndGlobalSection
	GlobalSection(ProjectConfigurationPlatforms) = postSolution
		{81A7F27A-7E55-4562-A9AF-2FE109DF6BD1}.Debug|Any CPU.ActiveCfg = Debug|Any CPU
		{81A7F27A-7E55-4562-A9AF-2FE109DF6BD1}.Debug|Any CPU.Build.0 = Debug|Any CPU
		{81A7F27A-7E55-4562-A9AF-2FE109DF6BD1}.Release|Any CPU.ActiveCfg = Release|Any CPU
		{81A7F27A-7E55-4562-A9AF-2FE109DF6BD1}.Release|Any CPU.Build.0 = Release|Any CPU
		{E7CE037E-7132-4F9E-ACBB-E97D100AE838}.Debug|Any CPU.ActiveCfg = Debug|Any CPU
		{E7CE037E-7132-4F9E-ACBB-E97D100AE838}.Debug|Any CPU.Build.0 = Debug|Any CPU
		{E7CE037E-7132-4F9E-ACBB-E97D100AE838}.Release|Any CPU.ActiveCfg = Release|Any CPU
		{E7CE037E-7132-4F9E-ACBB-E97D100AE838}.Release|Any CPU.Build.0 = Release|Any CPU
	EndGlobalSection
	GlobalSection(SolutionProperties) = preSolution
		HideSolutionNode = FALSE
	EndGlobalSection
	GlobalSection(ExtensibilityGlobals) = postSolution
		SolutionGuid = {0E73A2F5-24D5-4890-8710-510EE03AA6E3}
	EndGlobalSection
EndGlobal
